
Microsoft Visual Studio Solution File, Format Version 12.00
# Visual Studio Version 17
VisualStudioVersion = 17.4.33213.308
MinimumVisualStudioVersion = 10.0.40219.1
Project("{FAE04EC0-301F-11D3-BF4B-00C04F79EFBC}") = "CISESPORT", "CISESPORT\CISESPORT.csproj", "{60085A29-118D-4F48-8B66-E6AC166119D7}"
EndProject
Global
	GlobalSection(SolutionConfigurationPlatforms) = preSolution
		Debug|Any CPU = Debug|Any CPU
		Release|Any CPU = Release|Any CPU
	EndGlobalSection
	GlobalSection(ProjectConfigurationPlatforms) = postSolution
		{60085A29-118D-4F48-8B66-E6AC166119D7}.Debug|Any CPU.ActiveCfg = Debug|Any CPU
		{60085A29-118D-4F48-8B66-E6AC166119D7}.Debug|Any CPU.Build.0 = Debug|Any CPU
		{60085A29-118D-4F48-8B66-E6AC166119D7}.Release|Any CPU.ActiveCfg = Release|Any CPU
		{60085A29-118D-4F48-8B66-E6AC166119D7}.Release|Any CPU.Build.0 = Release|Any CPU
	EndGlobalSection
	GlobalSection(SolutionProperties) = preSolution
		HideSolutionNode = FALSE
	EndGlobalSection
	GlobalSection(ExtensibilityGlobals) = postSolution
		SolutionGuid = {BDC71E6D-8FBE-41E9-A501-1CF5DD9202A4}
	EndGlobalSection
EndGlobal
